// !$*UTF8*$!
{
	archiveVersion = 1;
	classes = {
	};
	objectVersion = 46;
	objects = {

/* Begin PBXBuildFile section */
		116FB58C1DB70EAA000E475C /* HSDataBridge.swift in Sources */ = {isa = PBXBuildFile; fileRef = 116FB58B1DB70EAA000E475C /* HSDataBridge.swift */; };
		116FB58F1DB70F76000E475C /* CrisisCardModel.xcdatamodeld in Sources */ = {isa = PBXBuildFile; fileRef = 116FB58D1DB70F76000E475C /* CrisisCardModel.xcdatamodeld */; };
		116FB5911DB710A2000E475C /* FLKAutoLayout.framework in Frameworks */ = {isa = PBXBuildFile; fileRef = 116FB5901DB710A2000E475C /* FLKAutoLayout.framework */; };
		116FB5941DB72CEA000E475C /* CrisisCard+CoreDataClass.swift in Sources */ = {isa = PBXBuildFile; fileRef = 116FB5921DB72CEA000E475C /* CrisisCard+CoreDataClass.swift */; };
		116FB59C1DB860C5000E475C /* conflict_cards.txt in Resources */ = {isa = PBXBuildFile; fileRef = 116FB59B1DB860C5000E475C /* conflict_cards.txt */; };
		116FB59E1DB87AA8000E475C /* CrisisCard+CoreDataProperties.swift in Sources */ = {isa = PBXBuildFile; fileRef = 116FB59D1DB87AA8000E475C /* CrisisCard+CoreDataProperties.swift */; };
		116FB5A11DB9BCDB000E475C /* HSCrisisCardCell.swift in Sources */ = {isa = PBXBuildFile; fileRef = 116FB5A01DB9BCDB000E475C /* HSCrisisCardCell.swift */; };
		1174D8691DB4485D00147108 /* HSConflictCardTableViewController.swift in Sources */ = {isa = PBXBuildFile; fileRef = 1174D8681DB4485D00147108 /* HSConflictCardTableViewController.swift */; };
		1174D86C1DB4510B00147108 /* HSDatabaseManager.swift in Sources */ = {isa = PBXBuildFile; fileRef = 1174D86B1DB4510B00147108 /* HSDatabaseManager.swift */; };
		11AC3FCB1DB9CF2500F2F433 /* HSNavigationController.swift in Sources */ = {isa = PBXBuildFile; fileRef = 11AC3FCA1DB9CF2500F2F433 /* HSNavigationController.swift */; };
		11D34FF31DB4682D00001D52 /* ConflictCardTable.swift in Sources */ = {isa = PBXBuildFile; fileRef = 11D34FF21DB4682D00001D52 /* ConflictCardTable.swift */; };
		2D6AA0A60C94DCB00C4F97C1 /* Pods_SpyCraft_Utility_Belt.framework in Frameworks */ = {isa = PBXBuildFile; fileRef = C24FDEACF6C655D2F8DC31D2 /* Pods_SpyCraft_Utility_Belt.framework */; };
		E751F8C91DB361C700334F3D /* AppDelegate.swift in Sources */ = {isa = PBXBuildFile; fileRef = E751F8C81DB361C700334F3D /* AppDelegate.swift */; };
		E751F8CB1DB361C700334F3D /* HSCrisisCardSetSelectionViewController.swift in Sources */ = {isa = PBXBuildFile; fileRef = E751F8CA1DB361C700334F3D /* HSCrisisCardSetSelectionViewController.swift */; };
		E751F8D01DB361C700334F3D /* Main.storyboard in Resources */ = {isa = PBXBuildFile; fileRef = E751F8CE1DB361C700334F3D /* Main.storyboard */; };
		E751F8D21DB361C700334F3D /* Assets.xcassets in Resources */ = {isa = PBXBuildFile; fileRef = E751F8D11DB361C700334F3D /* Assets.xcassets */; };
		E751F8D51DB361C700334F3D /* LaunchScreen.storyboard in Resources */ = {isa = PBXBuildFile; fileRef = E751F8D31DB361C700334F3D /* LaunchScreen.storyboard */; };
		E751F8E01DB361C800334F3D /* SpyCraft_Utility_BeltTests.swift in Sources */ = {isa = PBXBuildFile; fileRef = E751F8DF1DB361C800334F3D /* SpyCraft_Utility_BeltTests.swift */; };
		E751F8EB1DB361C800334F3D /* SpyCraft_Utility_BeltUITests.swift in Sources */ = {isa = PBXBuildFile; fileRef = E751F8EA1DB361C800334F3D /* SpyCraft_Utility_BeltUITests.swift */; };
		E75CC7DD1DB436D7006A1162 /* HSRoundedButton.swift in Sources */ = {isa = PBXBuildFile; fileRef = E75CC7DC1DB436D7006A1162 /* HSRoundedButton.swift */; };
		E7BE642D1DB40E0E00C7A039 /* Podfile in Resources */ = {isa = PBXBuildFile; fileRef = E7BE642C1DB40E0E00C7A039 /* Podfile */; };
/* End PBXBuildFile section */

/* Begin PBXContainerItemProxy section */
		E751F8DC1DB361C800334F3D /* PBXContainerItemProxy */ = {
			isa = PBXContainerItemProxy;
			containerPortal = E751F8BD1DB361C500334F3D /* Project object */;
			proxyType = 1;
			remoteGlobalIDString = E751F8C41DB361C500334F3D;
			remoteInfo = "SpyCraft Utility Belt";
		};
		E751F8E71DB361C800334F3D /* PBXContainerItemProxy */ = {
			isa = PBXContainerItemProxy;
			containerPortal = E751F8BD1DB361C500334F3D /* Project object */;
			proxyType = 1;
			remoteGlobalIDString = E751F8C41DB361C500334F3D;
			remoteInfo = "SpyCraft Utility Belt";
		};
/* End PBXContainerItemProxy section */

/* Begin PBXFileReference section */
		0C590D6BB31A797BB5742428 /* Pods-SpyCraft Utility Belt.debug.xcconfig */ = {isa = PBXFileReference; includeInIndex = 1; lastKnownFileType = text.xcconfig; name = "Pods-SpyCraft Utility Belt.debug.xcconfig"; path = "Pods/Target Support Files/Pods-SpyCraft Utility Belt/Pods-SpyCraft Utility Belt.debug.xcconfig"; sourceTree = "<group>"; };
		116FB58B1DB70EAA000E475C /* HSDataBridge.swift */ = {isa = PBXFileReference; fileEncoding = 4; lastKnownFileType = sourcecode.swift; path = HSDataBridge.swift; sourceTree = "<group>"; };
		116FB58E1DB70F76000E475C /* CrisisCardModel.xcdatamodel */ = {isa = PBXFileReference; lastKnownFileType = wrapper.xcdatamodel; path = CrisisCardModel.xcdatamodel; sourceTree = "<group>"; };
		116FB5901DB710A2000E475C /* FLKAutoLayout.framework */ = {isa = PBXFileReference; lastKnownFileType = wrapper.framework; name = FLKAutoLayout.framework; path = "../../../Library/Developer/Xcode/DerivedData/SpyCraft_Utility_Belt-chrlqvxukegogodwcvrlonbukfng/Build/Products/Debug-iphoneos/FLKAutoLayout-iOS9.0/FLKAutoLayout.framework"; sourceTree = "<group>"; };
		116FB5921DB72CEA000E475C /* CrisisCard+CoreDataClass.swift */ = {isa = PBXFileReference; fileEncoding = 4; lastKnownFileType = sourcecode.swift; path = "CrisisCard+CoreDataClass.swift"; sourceTree = "<group>"; };
		116FB59B1DB860C5000E475C /* conflict_cards.txt */ = {isa = PBXFileReference; fileEncoding = 4; lastKnownFileType = text; name = conflict_cards.txt; path = assets/conflict_cards.txt; sourceTree = "<group>"; };
		116FB59D1DB87AA8000E475C /* CrisisCard+CoreDataProperties.swift */ = {isa = PBXFileReference; fileEncoding = 4; lastKnownFileType = sourcecode.swift; name = "CrisisCard+CoreDataProperties.swift"; path = "../CrisisCard+CoreDataProperties.swift"; sourceTree = "<group>"; };
		116FB5A01DB9BCDB000E475C /* HSCrisisCardCell.swift */ = {isa = PBXFileReference; fileEncoding = 4; lastKnownFileType = sourcecode.swift; path = HSCrisisCardCell.swift; sourceTree = "<group>"; };
		1174D8681DB4485D00147108 /* HSConflictCardTableViewController.swift */ = {isa = PBXFileReference; fileEncoding = 4; lastKnownFileType = sourcecode.swift; path = HSConflictCardTableViewController.swift; sourceTree = "<group>"; };
		1174D86B1DB4510B00147108 /* HSDatabaseManager.swift */ = {isa = PBXFileReference; fileEncoding = 4; lastKnownFileType = sourcecode.swift; path = HSDatabaseManager.swift; sourceTree = "<group>"; };
		11AC3FCA1DB9CF2500F2F433 /* HSNavigationController.swift */ = {isa = PBXFileReference; fileEncoding = 4; lastKnownFileType = sourcecode.swift; path = HSNavigationController.swift; sourceTree = "<group>"; };
		11D34F7B1DB45AAC00001D52 /* SpyCraft-Utility-Belt-Bridging-Header.h */ = {isa = PBXFileReference; lastKnownFileType = sourcecode.c.h; path = "SpyCraft-Utility-Belt-Bridging-Header.h"; sourceTree = "<group>"; };
		11D34FF21DB4682D00001D52 /* ConflictCardTable.swift */ = {isa = PBXFileReference; fileEncoding = 4; lastKnownFileType = sourcecode.swift; path = ConflictCardTable.swift; sourceTree = "<group>"; };
		11D3500C1DB6FC8000001D52 /* SpyCraft Utility Belt-Bridging-Header.h */ = {isa = PBXFileReference; lastKnownFileType = sourcecode.c.h; path = "SpyCraft Utility Belt-Bridging-Header.h"; sourceTree = "<group>"; };
		181DDD3F152E189C62F89E04 /* Pods-SpyCraft Utility BeltUITests.debug.xcconfig */ = {isa = PBXFileReference; includeInIndex = 1; lastKnownFileType = text.xcconfig; name = "Pods-SpyCraft Utility BeltUITests.debug.xcconfig"; path = "Pods/Target Support Files/Pods-SpyCraft Utility BeltUITests/Pods-SpyCraft Utility BeltUITests.debug.xcconfig"; sourceTree = "<group>"; };
		50D50BAD672ED05091003F6A /* Pods-SpyCraft Utility BeltTests.release.xcconfig */ = {isa = PBXFileReference; includeInIndex = 1; lastKnownFileType = text.xcconfig; name = "Pods-SpyCraft Utility BeltTests.release.xcconfig"; path = "Pods/Target Support Files/Pods-SpyCraft Utility BeltTests/Pods-SpyCraft Utility BeltTests.release.xcconfig"; sourceTree = "<group>"; };
		57AB681858A99607AD7AC0C0 /* Pods-SpyCraft Utility BeltUITests.release.xcconfig */ = {isa = PBXFileReference; includeInIndex = 1; lastKnownFileType = text.xcconfig; name = "Pods-SpyCraft Utility BeltUITests.release.xcconfig"; path = "Pods/Target Support Files/Pods-SpyCraft Utility BeltUITests/Pods-SpyCraft Utility BeltUITests.release.xcconfig"; sourceTree = "<group>"; };
		C24FDEACF6C655D2F8DC31D2 /* Pods_SpyCraft_Utility_Belt.framework */ = {isa = PBXFileReference; explicitFileType = wrapper.framework; includeInIndex = 0; path = Pods_SpyCraft_Utility_Belt.framework; sourceTree = BUILT_PRODUCTS_DIR; };
		D7D09A91AB9723F2E7271118 /* Pods-SpyCraft Utility BeltTests.debug.xcconfig */ = {isa = PBXFileReference; includeInIndex = 1; lastKnownFileType = text.xcconfig; name = "Pods-SpyCraft Utility BeltTests.debug.xcconfig"; path = "Pods/Target Support Files/Pods-SpyCraft Utility BeltTests/Pods-SpyCraft Utility BeltTests.debug.xcconfig"; sourceTree = "<group>"; };
		E751F8C51DB361C500334F3D /* SpyCraft Utility Belt.app */ = {isa = PBXFileReference; explicitFileType = wrapper.application; includeInIndex = 0; path = "SpyCraft Utility Belt.app"; sourceTree = BUILT_PRODUCTS_DIR; };
		E751F8C81DB361C700334F3D /* AppDelegate.swift */ = {isa = PBXFileReference; lastKnownFileType = sourcecode.swift; path = AppDelegate.swift; sourceTree = "<group>"; };
		E751F8CA1DB361C700334F3D /* HSCrisisCardSetSelectionViewController.swift */ = {isa = PBXFileReference; lastKnownFileType = sourcecode.swift; path = HSCrisisCardSetSelectionViewController.swift; sourceTree = "<group>"; };
		E751F8CF1DB361C700334F3D /* Base */ = {isa = PBXFileReference; lastKnownFileType = file.storyboard; name = Base; path = Base.lproj/Main.storyboard; sourceTree = "<group>"; };
		E751F8D11DB361C700334F3D /* Assets.xcassets */ = {isa = PBXFileReference; lastKnownFileType = folder.assetcatalog; path = Assets.xcassets; sourceTree = "<group>"; };
		E751F8D41DB361C700334F3D /* Base */ = {isa = PBXFileReference; lastKnownFileType = file.storyboard; name = Base; path = Base.lproj/LaunchScreen.storyboard; sourceTree = "<group>"; };
		E751F8D61DB361C700334F3D /* Info.plist */ = {isa = PBXFileReference; lastKnownFileType = text.plist.xml; path = Info.plist; sourceTree = "<group>"; };
		E751F8DB1DB361C800334F3D /* SpyCraft Utility BeltTests.xctest */ = {isa = PBXFileReference; explicitFileType = wrapper.cfbundle; includeInIndex = 0; path = "SpyCraft Utility BeltTests.xctest"; sourceTree = BUILT_PRODUCTS_DIR; };
		E751F8DF1DB361C800334F3D /* SpyCraft_Utility_BeltTests.swift */ = {isa = PBXFileReference; lastKnownFileType = sourcecode.swift; path = SpyCraft_Utility_BeltTests.swift; sourceTree = "<group>"; };
		E751F8E11DB361C800334F3D /* Info.plist */ = {isa = PBXFileReference; lastKnownFileType = text.plist.xml; path = Info.plist; sourceTree = "<group>"; };
		E751F8E61DB361C800334F3D /* SpyCraft Utility BeltUITests.xctest */ = {isa = PBXFileReference; explicitFileType = wrapper.cfbundle; includeInIndex = 0; path = "SpyCraft Utility BeltUITests.xctest"; sourceTree = BUILT_PRODUCTS_DIR; };
		E751F8EA1DB361C800334F3D /* SpyCraft_Utility_BeltUITests.swift */ = {isa = PBXFileReference; lastKnownFileType = sourcecode.swift; path = SpyCraft_Utility_BeltUITests.swift; sourceTree = "<group>"; };
		E751F8EC1DB361C800334F3D /* Info.plist */ = {isa = PBXFileReference; lastKnownFileType = text.plist.xml; path = Info.plist; sourceTree = "<group>"; };
		E75CC7DC1DB436D7006A1162 /* HSRoundedButton.swift */ = {isa = PBXFileReference; fileEncoding = 4; lastKnownFileType = sourcecode.swift; path = HSRoundedButton.swift; sourceTree = "<group>"; };
		E7BE642C1DB40E0E00C7A039 /* Podfile */ = {isa = PBXFileReference; fileEncoding = 4; lastKnownFileType = text; path = Podfile; sourceTree = "<group>"; xcLanguageSpecificationIdentifier = xcode.lang.ruby; };
		FF03C569F13D6470DF0BC6AB /* Pods-SpyCraft Utility Belt.release.xcconfig */ = {isa = PBXFileReference; includeInIndex = 1; lastKnownFileType = text.xcconfig; name = "Pods-SpyCraft Utility Belt.release.xcconfig"; path = "Pods/Target Support Files/Pods-SpyCraft Utility Belt/Pods-SpyCraft Utility Belt.release.xcconfig"; sourceTree = "<group>"; };
/* End PBXFileReference section */

/* Begin PBXFrameworksBuildPhase section */
		E751F8C21DB361C500334F3D /* Frameworks */ = {
			isa = PBXFrameworksBuildPhase;
			buildActionMask = 2147483647;
			files = (
				116FB5911DB710A2000E475C /* FLKAutoLayout.framework in Frameworks */,
				2D6AA0A60C94DCB00C4F97C1 /* Pods_SpyCraft_Utility_Belt.framework in Frameworks */,
			);
			runOnlyForDeploymentPostprocessing = 0;
		};
		E751F8D81DB361C800334F3D /* Frameworks */ = {
			isa = PBXFrameworksBuildPhase;
			buildActionMask = 2147483647;
			files = (
			);
			runOnlyForDeploymentPostprocessing = 0;
		};
		E751F8E31DB361C800334F3D /* Frameworks */ = {
			isa = PBXFrameworksBuildPhase;
			buildActionMask = 2147483647;
			files = (
			);
			runOnlyForDeploymentPostprocessing = 0;
		};
/* End PBXFrameworksBuildPhase section */

/* Begin PBXGroup section */
		116FB5961DB84C90000E475C /* assets */ = {
			isa = PBXGroup;
			children = (
				116FB59B1DB860C5000E475C /* conflict_cards.txt */,
			);
			name = assets;
			sourceTree = "<group>";
		};
		116FB59F1DB9BCC8000E475C /* TableCells */ = {
			isa = PBXGroup;
			children = (
				116FB5A01DB9BCDB000E475C /* HSCrisisCardCell.swift */,
			);
			name = TableCells;
			sourceTree = "<group>";
		};
		1174D86A1DB450F800147108 /* Database */ = {
			isa = PBXGroup;
			children = (
				116FB59D1DB87AA8000E475C /* CrisisCard+CoreDataProperties.swift */,
				116FB5921DB72CEA000E475C /* CrisisCard+CoreDataClass.swift */,
				1174D86B1DB4510B00147108 /* HSDatabaseManager.swift */,
				11D34FF21DB4682D00001D52 /* ConflictCardTable.swift */,
				11D3500C1DB6FC8000001D52 /* SpyCraft Utility Belt-Bridging-Header.h */,
				116FB58D1DB70F76000E475C /* CrisisCardModel.xcdatamodeld */,
			);
			name = Database;
			sourceTree = "<group>";
		};
		4A1309E1D834612EB8AE4D7C /* Frameworks */ = {
			isa = PBXGroup;
			children = (
				116FB5901DB710A2000E475C /* FLKAutoLayout.framework */,
				C24FDEACF6C655D2F8DC31D2 /* Pods_SpyCraft_Utility_Belt.framework */,
			);
			name = Frameworks;
			sourceTree = "<group>";
		};
		DD6AF3CF3835AAF7C6981210 /* Pods */ = {
			isa = PBXGroup;
			children = (
				0C590D6BB31A797BB5742428 /* Pods-SpyCraft Utility Belt.debug.xcconfig */,
				FF03C569F13D6470DF0BC6AB /* Pods-SpyCraft Utility Belt.release.xcconfig */,
				D7D09A91AB9723F2E7271118 /* Pods-SpyCraft Utility BeltTests.debug.xcconfig */,
				50D50BAD672ED05091003F6A /* Pods-SpyCraft Utility BeltTests.release.xcconfig */,
				181DDD3F152E189C62F89E04 /* Pods-SpyCraft Utility BeltUITests.debug.xcconfig */,
				57AB681858A99607AD7AC0C0 /* Pods-SpyCraft Utility BeltUITests.release.xcconfig */,
			);
			name = Pods;
			sourceTree = "<group>";
		};
		E751F8BC1DB361C500334F3D = {
			isa = PBXGroup;
			children = (
				11D34F7B1DB45AAC00001D52 /* SpyCraft-Utility-Belt-Bridging-Header.h */,
				E7BE642C1DB40E0E00C7A039 /* Podfile */,
				E751F8C71DB361C700334F3D /* SpyCraft Utility Belt */,
				E751F8DE1DB361C800334F3D /* SpyCraft Utility BeltTests */,
				E751F8E91DB361C800334F3D /* SpyCraft Utility BeltUITests */,
				E751F8C61DB361C500334F3D /* Products */,
				DD6AF3CF3835AAF7C6981210 /* Pods */,
				4A1309E1D834612EB8AE4D7C /* Frameworks */,
			);
			sourceTree = "<group>";
		};
		E751F8C61DB361C500334F3D /* Products */ = {
			isa = PBXGroup;
			children = (
				E751F8C51DB361C500334F3D /* SpyCraft Utility Belt.app */,
				E751F8DB1DB361C800334F3D /* SpyCraft Utility BeltTests.xctest */,
				E751F8E61DB361C800334F3D /* SpyCraft Utility BeltUITests.xctest */,
			);
			name = Products;
			sourceTree = "<group>";
		};
		E751F8C71DB361C700334F3D /* SpyCraft Utility Belt */ = {
			isa = PBXGroup;
			children = (
				116FB59F1DB9BCC8000E475C /* TableCells */,
				116FB5961DB84C90000E475C /* assets */,
				1174D86A1DB450F800147108 /* Database */,
				E75CC7DB1DB43695006A1162 /* Widgets */,
				E7BE642E1DB40E6500C7A039 /* ViewControllers */,
				E751F8C81DB361C700334F3D /* AppDelegate.swift */,
				116FB58B1DB70EAA000E475C /* HSDataBridge.swift */,
				E751F8CE1DB361C700334F3D /* Main.storyboard */,
				E751F8D11DB361C700334F3D /* Assets.xcassets */,
				E751F8D31DB361C700334F3D /* LaunchScreen.storyboard */,
				E751F8D61DB361C700334F3D /* Info.plist */,
			);
			path = "SpyCraft Utility Belt";
			sourceTree = "<group>";
		};
		E751F8DE1DB361C800334F3D /* SpyCraft Utility BeltTests */ = {
			isa = PBXGroup;
			children = (
				E751F8DF1DB361C800334F3D /* SpyCraft_Utility_BeltTests.swift */,
				E751F8E11DB361C800334F3D /* Info.plist */,
			);
			path = "SpyCraft Utility BeltTests";
			sourceTree = "<group>";
		};
		E751F8E91DB361C800334F3D /* SpyCraft Utility BeltUITests */ = {
			isa = PBXGroup;
			children = (
				E751F8EA1DB361C800334F3D /* SpyCraft_Utility_BeltUITests.swift */,
				E751F8EC1DB361C800334F3D /* Info.plist */,
			);
			path = "SpyCraft Utility BeltUITests";
			sourceTree = "<group>";
		};
		E75CC7DB1DB43695006A1162 /* Widgets */ = {
			isa = PBXGroup;
			children = (
				E75CC7DC1DB436D7006A1162 /* HSRoundedButton.swift */,
			);
			name = Widgets;
			sourceTree = "<group>";
		};
		E7BE642E1DB40E6500C7A039 /* ViewControllers */ = {
			isa = PBXGroup;
			children = (
				E751F8CA1DB361C700334F3D /* HSCrisisCardSetSelectionViewController.swift */,
				1174D8681DB4485D00147108 /* HSConflictCardTableViewController.swift */,
				11AC3FCA1DB9CF2500F2F433 /* HSNavigationController.swift */,
			);
			name = ViewControllers;
			sourceTree = "<group>";
		};
/* End PBXGroup section */

/* Begin PBXNativeTarget section */
		E751F8C41DB361C500334F3D /* SpyCraft Utility Belt */ = {
			isa = PBXNativeTarget;
			buildConfigurationList = E751F8EF1DB361C800334F3D /* Build configuration list for PBXNativeTarget "SpyCraft Utility Belt" */;
			buildPhases = (
				550D0FB54E3C2E7520FB121A /* [CP] Check Pods Manifest.lock */,
				E751F8C11DB361C500334F3D /* Sources */,
				E751F8C21DB361C500334F3D /* Frameworks */,
				E751F8C31DB361C500334F3D /* Resources */,
				AD463812883227F3A77F68E0 /* [CP] Embed Pods Frameworks */,
				49A47E57B48B01F59E3C57D4 /* [CP] Copy Pods Resources */,
			);
			buildRules = (
			);
			dependencies = (
			);
			name = "SpyCraft Utility Belt";
			productName = "SpyCraft Utility Belt";
			productReference = E751F8C51DB361C500334F3D /* SpyCraft Utility Belt.app */;
			productType = "com.apple.product-type.application";
		};
		E751F8DA1DB361C800334F3D /* SpyCraft Utility BeltTests */ = {
			isa = PBXNativeTarget;
			buildConfigurationList = E751F8F21DB361C800334F3D /* Build configuration list for PBXNativeTarget "SpyCraft Utility BeltTests" */;
			buildPhases = (
				C709DA3625087B3727DE6EA7 /* [CP] Check Pods Manifest.lock */,
				E751F8D71DB361C800334F3D /* Sources */,
				E751F8D81DB361C800334F3D /* Frameworks */,
				E751F8D91DB361C800334F3D /* Resources */,
				D7828F4DDA9FC6768462B824 /* [CP] Embed Pods Frameworks */,
				729E29B5D63E697C029B596F /* [CP] Copy Pods Resources */,
			);
			buildRules = (
			);
			dependencies = (
				E751F8DD1DB361C800334F3D /* PBXTargetDependency */,
			);
			name = "SpyCraft Utility BeltTests";
			productName = "SpyCraft Utility BeltTests";
			productReference = E751F8DB1DB361C800334F3D /* SpyCraft Utility BeltTests.xctest */;
			productType = "com.apple.product-type.bundle.unit-test";
		};
		E751F8E51DB361C800334F3D /* SpyCraft Utility BeltUITests */ = {
			isa = PBXNativeTarget;
			buildConfigurationList = E751F8F51DB361C800334F3D /* Build configuration list for PBXNativeTarget "SpyCraft Utility BeltUITests" */;
			buildPhases = (
				A01B20D9F6C46910F2A35D4E /* [CP] Check Pods Manifest.lock */,
				E751F8E21DB361C800334F3D /* Sources */,
				E751F8E31DB361C800334F3D /* Frameworks */,
				E751F8E41DB361C800334F3D /* Resources */,
				4EB6F9B50D47FD7A8212C7EC /* [CP] Embed Pods Frameworks */,
				62D0F51CCE95D481970E9F23 /* [CP] Copy Pods Resources */,
			);
			buildRules = (
			);
			dependencies = (
				E751F8E81DB361C800334F3D /* PBXTargetDependency */,
			);
			name = "SpyCraft Utility BeltUITests";
			productName = "SpyCraft Utility BeltUITests";
			productReference = E751F8E61DB361C800334F3D /* SpyCraft Utility BeltUITests.xctest */;
			productType = "com.apple.product-type.bundle.ui-testing";
		};
/* End PBXNativeTarget section */

/* Begin PBXProject section */
		E751F8BD1DB361C500334F3D /* Project object */ = {
			isa = PBXProject;
			attributes = {
				LastSwiftUpdateCheck = 0730;
				LastUpgradeCheck = 0800;
				ORGANIZATIONNAME = "Alexander Scroggins";
				TargetAttributes = {
					E751F8C41DB361C500334F3D = {
						CreatedOnToolsVersion = 7.3.1;
						DevelopmentTeam = V28U7ECY8K;
						LastSwiftMigration = 0800;
					};
					E751F8DA1DB361C800334F3D = {
						CreatedOnToolsVersion = 7.3.1;
						LastSwiftMigration = 0800;
						TestTargetID = E751F8C41DB361C500334F3D;
					};
					E751F8E51DB361C800334F3D = {
						CreatedOnToolsVersion = 7.3.1;
						LastSwiftMigration = 0800;
						TestTargetID = E751F8C41DB361C500334F3D;
					};
				};
			};
			buildConfigurationList = E751F8C01DB361C500334F3D /* Build configuration list for PBXProject "SpyCraft Utility Belt" */;
			compatibilityVersion = "Xcode 3.2";
			developmentRegion = English;
			hasScannedForEncodings = 0;
			knownRegions = (
				en,
				Base,
			);
			mainGroup = E751F8BC1DB361C500334F3D;
			productRefGroup = E751F8C61DB361C500334F3D /* Products */;
			projectDirPath = "";
			projectRoot = "";
			targets = (
				E751F8C41DB361C500334F3D /* SpyCraft Utility Belt */,
				E751F8DA1DB361C800334F3D /* SpyCraft Utility BeltTests */,
				E751F8E51DB361C800334F3D /* SpyCraft Utility BeltUITests */,
			);
		};
/* End PBXProject section */

/* Begin PBXResourcesBuildPhase section */
		E751F8C31DB361C500334F3D /* Resources */ = {
			isa = PBXResourcesBuildPhase;
			buildActionMask = 2147483647;
			files = (
				E7BE642D1DB40E0E00C7A039 /* Podfile in Resources */,
				E751F8D51DB361C700334F3D /* LaunchScreen.storyboard in Resources */,
				E751F8D21DB361C700334F3D /* Assets.xcassets in Resources */,
				116FB59C1DB860C5000E475C /* conflict_cards.txt in Resources */,
				E751F8D01DB361C700334F3D /* Main.storyboard in Resources */,
			);
			runOnlyForDeploymentPostprocessing = 0;
		};
		E751F8D91DB361C800334F3D /* Resources */ = {
			isa = PBXResourcesBuildPhase;
			buildActionMask = 2147483647;
			files = (
			);
			runOnlyForDeploymentPostprocessing = 0;
		};
		E751F8E41DB361C800334F3D /* Resources */ = {
			isa = PBXResourcesBuildPhase;
			buildActionMask = 2147483647;
			files = (
			);
			runOnlyForDeploymentPostprocessing = 0;
		};
/* End PBXResourcesBuildPhase section */

/* Begin PBXShellScriptBuildPhase section */
		49A47E57B48B01F59E3C57D4 /* [CP] Copy Pods Resources */ = {
			isa = PBXShellScriptBuildPhase;
			buildActionMask = 2147483647;
			files = (
			);
			inputPaths = (
			);
			name = "[CP] Copy Pods Resources";
			outputPaths = (
			);
			runOnlyForDeploymentPostprocessing = 0;
			shellPath = /bin/sh;
			shellScript = "\"${SRCROOT}/Pods/Target Support Files/Pods-SpyCraft Utility Belt/Pods-SpyCraft Utility Belt-resources.sh\"\n";
			showEnvVarsInLog = 0;
		};
		4EB6F9B50D47FD7A8212C7EC /* [CP] Embed Pods Frameworks */ = {
			isa = PBXShellScriptBuildPhase;
			buildActionMask = 2147483647;
			files = (
			);
			inputPaths = (
			);
			name = "[CP] Embed Pods Frameworks";
			outputPaths = (
			);
			runOnlyForDeploymentPostprocessing = 0;
			shellPath = /bin/sh;
			shellScript = "\"${SRCROOT}/Pods/Target Support Files/Pods-SpyCraft Utility BeltUITests/Pods-SpyCraft Utility BeltUITests-frameworks.sh\"\n";
			showEnvVarsInLog = 0;
		};
		550D0FB54E3C2E7520FB121A /* [CP] Check Pods Manifest.lock */ = {
			isa = PBXShellScriptBuildPhase;
			buildActionMask = 2147483647;
			files = (
			);
			inputPaths = (
			);
			name = "[CP] Check Pods Manifest.lock";
			outputPaths = (
			);
			runOnlyForDeploymentPostprocessing = 0;
			shellPath = /bin/sh;
			shellScript = "diff \"${PODS_ROOT}/../Podfile.lock\" \"${PODS_ROOT}/Manifest.lock\" > /dev/null\nif [[ $? != 0 ]] ; then\n    cat << EOM\nerror: The sandbox is not in sync with the Podfile.lock. Run 'pod install' or update your CocoaPods installation.\nEOM\n    exit 1\nfi\n";
			showEnvVarsInLog = 0;
		};
		62D0F51CCE95D481970E9F23 /* [CP] Copy Pods Resources */ = {
			isa = PBXShellScriptBuildPhase;
			buildActionMask = 2147483647;
			files = (
			);
			inputPaths = (
			);
			name = "[CP] Copy Pods Resources";
			outputPaths = (
			);
			runOnlyForDeploymentPostprocessing = 0;
			shellPath = /bin/sh;
			shellScript = "\"${SRCROOT}/Pods/Target Support Files/Pods-SpyCraft Utility BeltUITests/Pods-SpyCraft Utility BeltUITests-resources.sh\"\n";
			showEnvVarsInLog = 0;
		};
		729E29B5D63E697C029B596F /* [CP] Copy Pods Resources */ = {
			isa = PBXShellScriptBuildPhase;
			buildActionMask = 2147483647;
			files = (
			);
			inputPaths = (
			);
			name = "[CP] Copy Pods Resources";
			outputPaths = (
			);
			runOnlyForDeploymentPostprocessing = 0;
			shellPath = /bin/sh;
			shellScript = "\"${SRCROOT}/Pods/Target Support Files/Pods-SpyCraft Utility BeltTests/Pods-SpyCraft Utility BeltTests-resources.sh\"\n";
			showEnvVarsInLog = 0;
		};
		A01B20D9F6C46910F2A35D4E /* [CP] Check Pods Manifest.lock */ = {
			isa = PBXShellScriptBuildPhase;
			buildActionMask = 2147483647;
			files = (
			);
			inputPaths = (
			);
			name = "[CP] Check Pods Manifest.lock";
			outputPaths = (
			);
			runOnlyForDeploymentPostprocessing = 0;
			shellPath = /bin/sh;
			shellScript = "diff \"${PODS_ROOT}/../Podfile.lock\" \"${PODS_ROOT}/Manifest.lock\" > /dev/null\nif [[ $? != 0 ]] ; then\n    cat << EOM\nerror: The sandbox is not in sync with the Podfile.lock. Run 'pod install' or update your CocoaPods installation.\nEOM\n    exit 1\nfi\n";
			showEnvVarsInLog = 0;
		};
		AD463812883227F3A77F68E0 /* [CP] Embed Pods Frameworks */ = {
			isa = PBXShellScriptBuildPhase;
			buildActionMask = 2147483647;
			files = (
			);
			inputPaths = (
			);
			name = "[CP] Embed Pods Frameworks";
			outputPaths = (
			);
			runOnlyForDeploymentPostprocessing = 0;
			shellPath = /bin/sh;
			shellScript = "\"${SRCROOT}/Pods/Target Support Files/Pods-SpyCraft Utility Belt/Pods-SpyCraft Utility Belt-frameworks.sh\"\n";
			showEnvVarsInLog = 0;
		};
		C709DA3625087B3727DE6EA7 /* [CP] Check Pods Manifest.lock */ = {
			isa = PBXShellScriptBuildPhase;
			buildActionMask = 2147483647;
			files = (
			);
			inputPaths = (
			);
			name = "[CP] Check Pods Manifest.lock";
			outputPaths = (
			);
			runOnlyForDeploymentPostprocessing = 0;
			shellPath = /bin/sh;
			shellScript = "diff \"${PODS_ROOT}/../Podfile.lock\" \"${PODS_ROOT}/Manifest.lock\" > /dev/null\nif [[ $? != 0 ]] ; then\n    cat << EOM\nerror: The sandbox is not in sync with the Podfile.lock. Run 'pod install' or update your CocoaPods installation.\nEOM\n    exit 1\nfi\n";
			showEnvVarsInLog = 0;
		};
		D7828F4DDA9FC6768462B824 /* [CP] Embed Pods Frameworks */ = {
			isa = PBXShellScriptBuildPhase;
			buildActionMask = 2147483647;
			files = (
			);
			inputPaths = (
			);
			name = "[CP] Embed Pods Frameworks";
			outputPaths = (
			);
			runOnlyForDeploymentPostprocessing = 0;
			shellPath = /bin/sh;
			shellScript = "\"${SRCROOT}/Pods/Target Support Files/Pods-SpyCraft Utility BeltTests/Pods-SpyCraft Utility BeltTests-frameworks.sh\"\n";
			showEnvVarsInLog = 0;
		};
/* End PBXShellScriptBuildPhase section */

/* Begin PBXSourcesBuildPhase section */
		E751F8C11DB361C500334F3D /* Sources */ = {
			isa = PBXSourcesBuildPhase;
			buildActionMask = 2147483647;
			files = (
				116FB59E1DB87AA8000E475C /* CrisisCard+CoreDataProperties.swift in Sources */,
				1174D8691DB4485D00147108 /* HSConflictCardTableViewController.swift in Sources */,
				11AC3FCB1DB9CF2500F2F433 /* HSNavigationController.swift in Sources */,
				E751F8C91DB361C700334F3D /* AppDelegate.swift in Sources */,
				1174D86C1DB4510B00147108 /* HSDatabaseManager.swift in Sources */,
				116FB5941DB72CEA000E475C /* CrisisCard+CoreDataClass.swift in Sources */,
				116FB58F1DB70F76000E475C /* CrisisCardModel.xcdatamodeld in Sources */,
				E751F8CB1DB361C700334F3D /* HSCrisisCardSetSelectionViewController.swift in Sources */,
				11D34FF31DB4682D00001D52 /* ConflictCardTable.swift in Sources */,
				116FB5A11DB9BCDB000E475C /* HSCrisisCardCell.swift in Sources */,
				E75CC7DD1DB436D7006A1162 /* HSRoundedButton.swift in Sources */,
				116FB58C1DB70EAA000E475C /* HSDataBridge.swift in Sources */,
			);
			runOnlyForDeploymentPostprocessing = 0;
		};
		E751F8D71DB361C800334F3D /* Sources */ = {
			isa = PBXSourcesBuildPhase;
			buildActionMask = 2147483647;
			files = (
				E751F8E01DB361C800334F3D /* SpyCraft_Utility_BeltTests.swift in Sources */,
			);
			runOnlyForDeploymentPostprocessing = 0;
		};
		E751F8E21DB361C800334F3D /* Sources */ = {
			isa = PBXSourcesBuildPhase;
			buildActionMask = 2147483647;
			files = (
				E751F8EB1DB361C800334F3D /* SpyCraft_Utility_BeltUITests.swift in Sources */,
			);
			runOnlyForDeploymentPostprocessing = 0;
		};
/* End PBXSourcesBuildPhase section */

/* Begin PBXTargetDependency section */
		E751F8DD1DB361C800334F3D /* PBXTargetDependency */ = {
			isa = PBXTargetDependency;
			target = E751F8C41DB361C500334F3D /* SpyCraft Utility Belt */;
			targetProxy = E751F8DC1DB361C800334F3D /* PBXContainerItemProxy */;
		};
		E751F8E81DB361C800334F3D /* PBXTargetDependency */ = {
			isa = PBXTargetDependency;
			target = E751F8C41DB361C500334F3D /* SpyCraft Utility Belt */;
			targetProxy = E751F8E71DB361C800334F3D /* PBXContainerItemProxy */;
		};
/* End PBXTargetDependency section */

/* Begin PBXVariantGroup section */
		E751F8CE1DB361C700334F3D /* Main.storyboard */ = {
			isa = PBXVariantGroup;
			children = (
				E751F8CF1DB361C700334F3D /* Base */,
			);
			name = Main.storyboard;
			sourceTree = "<group>";
		};
		E751F8D31DB361C700334F3D /* LaunchScreen.storyboard */ = {
			isa = PBXVariantGroup;
			children = (
				E751F8D41DB361C700334F3D /* Base */,
			);
			name = LaunchScreen.storyboard;
			sourceTree = "<group>";
		};
/* End PBXVariantGroup section */

/* Begin XCBuildConfiguration section */
		E751F8ED1DB361C800334F3D /* Debug */ = {
			isa = XCBuildConfiguration;
			buildSettings = {
				ALWAYS_SEARCH_USER_PATHS = NO;
				CLANG_ANALYZER_NONNULL = YES;
				CLANG_CXX_LANGUAGE_STANDARD = "gnu++0x";
				CLANG_CXX_LIBRARY = "libc++";
				CLANG_ENABLE_MODULES = YES;
				CLANG_ENABLE_OBJC_ARC = YES;
				CLANG_WARN_BOOL_CONVERSION = YES;
				CLANG_WARN_CONSTANT_CONVERSION = YES;
				CLANG_WARN_DIRECT_OBJC_ISA_USAGE = YES_ERROR;
				CLANG_WARN_EMPTY_BODY = YES;
				CLANG_WARN_ENUM_CONVERSION = YES;
				CLANG_WARN_INFINITE_RECURSION = YES;
				CLANG_WARN_INT_CONVERSION = YES;
				CLANG_WARN_OBJC_ROOT_CLASS = YES_ERROR;
				CLANG_WARN_SUSPICIOUS_MOVE = YES;
				CLANG_WARN_UNREACHABLE_CODE = YES;
				CLANG_WARN__DUPLICATE_METHOD_MATCH = YES;
				"CODE_SIGN_IDENTITY[sdk=iphoneos*]" = "iPhone Developer";
				COPY_PHASE_STRIP = NO;
				DEBUG_INFORMATION_FORMAT = dwarf;
				ENABLE_STRICT_OBJC_MSGSEND = YES;
				ENABLE_TESTABILITY = YES;
				GCC_C_LANGUAGE_STANDARD = gnu99;
				GCC_DYNAMIC_NO_PIC = NO;
				GCC_NO_COMMON_BLOCKS = YES;
				GCC_OPTIMIZATION_LEVEL = 0;
				GCC_PREPROCESSOR_DEFINITIONS = (
					"DEBUG=1",
					"$(inherited)",
				);
				GCC_WARN_64_TO_32_BIT_CONVERSION = YES;
				GCC_WARN_ABOUT_RETURN_TYPE = YES_ERROR;
				GCC_WARN_UNDECLARED_SELECTOR = YES;
				GCC_WARN_UNINITIALIZED_AUTOS = YES_AGGRESSIVE;
				GCC_WARN_UNUSED_FUNCTION = YES;
				GCC_WARN_UNUSED_VARIABLE = YES;
				IPHONEOS_DEPLOYMENT_TARGET = 9.0;
				MTL_ENABLE_DEBUG_INFO = YES;
				ONLY_ACTIVE_ARCH = YES;
				SDKROOT = iphoneos;
				"SWIFT_OBJC_BRIDGING_HEADER[arch=*]" = "SpyCraft-Utility-Belt-Bridging-Header.h";
				SWIFT_OPTIMIZATION_LEVEL = "-Onone";
				SWIFT_VERSION = 3.0;
				TARGETED_DEVICE_FAMILY = "1,2";
			};
			name = Debug;
		};
		E751F8EE1DB361C800334F3D /* Release */ = {
			isa = XCBuildConfiguration;
			buildSettings = {
				ALWAYS_SEARCH_USER_PATHS = NO;
				CLANG_ANALYZER_NONNULL = YES;
				CLANG_CXX_LANGUAGE_STANDARD = "gnu++0x";
				CLANG_CXX_LIBRARY = "libc++";
				CLANG_ENABLE_MODULES = YES;
				CLANG_ENABLE_OBJC_ARC = YES;
				CLANG_WARN_BOOL_CONVERSION = YES;
				CLANG_WARN_CONSTANT_CONVERSION = YES;
				CLANG_WARN_DIRECT_OBJC_ISA_USAGE = YES_ERROR;
				CLANG_WARN_EMPTY_BODY = YES;
				CLANG_WARN_ENUM_CONVERSION = YES;
				CLANG_WARN_INFINITE_RECURSION = YES;
				CLANG_WARN_INT_CONVERSION = YES;
				CLANG_WARN_OBJC_ROOT_CLASS = YES_ERROR;
				CLANG_WARN_SUSPICIOUS_MOVE = YES;
				CLANG_WARN_UNREACHABLE_CODE = YES;
				CLANG_WARN__DUPLICATE_METHOD_MATCH = YES;
				"CODE_SIGN_IDENTITY[sdk=iphoneos*]" = "iPhone Developer";
				COPY_PHASE_STRIP = NO;
				DEBUG_INFORMATION_FORMAT = "dwarf-with-dsym";
				ENABLE_NS_ASSERTIONS = NO;
				ENABLE_STRICT_OBJC_MSGSEND = YES;
				GCC_C_LANGUAGE_STANDARD = gnu99;
				GCC_NO_COMMON_BLOCKS = YES;
				GCC_WARN_64_TO_32_BIT_CONVERSION = YES;
				GCC_WARN_ABOUT_RETURN_TYPE = YES_ERROR;
				GCC_WARN_UNDECLARED_SELECTOR = YES;
				GCC_WARN_UNINITIALIZED_AUTOS = YES_AGGRESSIVE;
				GCC_WARN_UNUSED_FUNCTION = YES;
				GCC_WARN_UNUSED_VARIABLE = YES;
				IPHONEOS_DEPLOYMENT_TARGET = 9.0;
				MTL_ENABLE_DEBUG_INFO = NO;
				SDKROOT = iphoneos;
				"SWIFT_OBJC_BRIDGING_HEADER[arch=*]" = "SpyCraft-Utility-Belt-Bridging-Header.h";
				SWIFT_OPTIMIZATION_LEVEL = "-Owholemodule";
				SWIFT_VERSION = 3.0;
				TARGETED_DEVICE_FAMILY = "1,2";
				VALIDATE_PRODUCT = YES;
			};
			name = Release;
		};
		E751F8F01DB361C800334F3D /* Debug */ = {
			isa = XCBuildConfiguration;
			baseConfigurationReference = 0C590D6BB31A797BB5742428 /* Pods-SpyCraft Utility Belt.debug.xcconfig */;
			buildSettings = {
				ASSETCATALOG_COMPILER_APPICON_NAME = AppIcon;
				CLANG_ENABLE_MODULES = YES;
				CODE_SIGN_IDENTITY = "iPhone Developer";
				"CODE_SIGN_IDENTITY[sdk=iphoneos*]" = "iPhone Developer";
				DEVELOPMENT_TEAM = V28U7ECY8K;
				FRAMEWORK_SEARCH_PATHS = (
					"$(inherited)",
					"$(PROJECT_DIR)/build/Debug-iphoneos/SQLite.swift-iOS9.3",
					"$(PROJECT_DIR)/build/Debug-iphoneos/SQLite.swift-iOS8.0",
				);
				INFOPLIST_FILE = "SpyCraft Utility Belt/Info.plist";
				IPHONEOS_DEPLOYMENT_TARGET = 9.0;
				LD_RUNPATH_SEARCH_PATHS = "$(inherited) @executable_path/Frameworks";
				PRODUCT_BUNDLE_IDENTIFIER = "com.hatstick.SpyCraft-Utility-Belt";
				PRODUCT_NAME = "$(TARGET_NAME)";
				PROVISIONING_PROFILE = "";
				SWIFT_OBJC_BRIDGING_HEADER = "SpyCraft Utility Belt/SpyCraft Utility Belt-Bridging-Header.h";
				SWIFT_OPTIMIZATION_LEVEL = "-Onone";
				SWIFT_VERSION = 3.0;
			};
			name = Debug;
		};
		E751F8F11DB361C800334F3D /* Release */ = {
			isa = XCBuildConfiguration;
			baseConfigurationReference = FF03C569F13D6470DF0BC6AB /* Pods-SpyCraft Utility Belt.release.xcconfig */;
			buildSettings = {
				ASSETCATALOG_COMPILER_APPICON_NAME = AppIcon;
				CLANG_ENABLE_MODULES = YES;
				CODE_SIGN_IDENTITY = "iPhone Developer";
				"CODE_SIGN_IDENTITY[sdk=iphoneos*]" = "iPhone Developer";
				DEVELOPMENT_TEAM = V28U7ECY8K;
				FRAMEWORK_SEARCH_PATHS = (
					"$(inherited)",
					"$(PROJECT_DIR)/build/Debug-iphoneos/SQLite.swift-iOS9.3",
					"$(PROJECT_DIR)/build/Debug-iphoneos/SQLite.swift-iOS8.0",
				);
				INFOPLIST_FILE = "SpyCraft Utility Belt/Info.plist";
				IPHONEOS_DEPLOYMENT_TARGET = 9.0;
				LD_RUNPATH_SEARCH_PATHS = "$(inherited) @executable_path/Frameworks";
				PRODUCT_BUNDLE_IDENTIFIER = "com.hatstick.SpyCraft-Utility-Belt";
				PRODUCT_NAME = "$(TARGET_NAME)";
				PROVISIONING_PROFILE = "";
				SWIFT_OBJC_BRIDGING_HEADER = "SpyCraft Utility Belt/SpyCraft Utility Belt-Bridging-Header.h";
				SWIFT_VERSION = 3.0;
			};
			name = Release;
		};
		E751F8F31DB361C800334F3D /* Debug */ = {
			isa = XCBuildConfiguration;
			baseConfigurationReference = D7D09A91AB9723F2E7271118 /* Pods-SpyCraft Utility BeltTests.debug.xcconfig */;
			buildSettings = {
				BUNDLE_LOADER = "$(TEST_HOST)";
				INFOPLIST_FILE = "SpyCraft Utility BeltTests/Info.plist";
				LD_RUNPATH_SEARCH_PATHS = "$(inherited) @executable_path/Frameworks @loader_path/Frameworks";
				PRODUCT_BUNDLE_IDENTIFIER = "com.hatstick.SpyCraft-Utility-BeltTests";
				PRODUCT_NAME = "$(TARGET_NAME)";
				SWIFT_VERSION = 3.0;
				TEST_HOST = "$(BUILT_PRODUCTS_DIR)/SpyCraft Utility Belt.app/SpyCraft Utility Belt";
			};
			name = Debug;
		};
		E751F8F41DB361C800334F3D /* Release */ = {
			isa = XCBuildConfiguration;
			baseConfigurationReference = 50D50BAD672ED05091003F6A /* Pods-SpyCraft Utility BeltTests.release.xcconfig */;
			buildSettings = {
				BUNDLE_LOADER = "$(TEST_HOST)";
				INFOPLIST_FILE = "SpyCraft Utility BeltTests/Info.plist";
				LD_RUNPATH_SEARCH_PATHS = "$(inherited) @executable_path/Frameworks @loader_path/Frameworks";
				PRODUCT_BUNDLE_IDENTIFIER = "com.hatstick.SpyCraft-Utility-BeltTests";
				PRODUCT_NAME = "$(TARGET_NAME)";
				SWIFT_VERSION = 3.0;
				TEST_HOST = "$(BUILT_PRODUCTS_DIR)/SpyCraft Utility Belt.app/SpyCraft Utility Belt";
			};
			name = Release;
		};
		E751F8F61DB361C800334F3D /* Debug */ = {
			isa = XCBuildConfiguration;
			baseConfigurationReference = 181DDD3F152E189C62F89E04 /* Pods-SpyCraft Utility BeltUITests.debug.xcconfig */;
			buildSettings = {
				INFOPLIST_FILE = "SpyCraft Utility BeltUITests/Info.plist";
				LD_RUNPATH_SEARCH_PATHS = "$(inherited) @executable_path/Frameworks @loader_path/Frameworks";
				PRODUCT_BUNDLE_IDENTIFIER = "com.hatstick.SpyCraft-Utility-BeltUITests";
				PRODUCT_NAME = "$(TARGET_NAME)";
				SWIFT_VERSION = 3.0;
				TEST_TARGET_NAME = "SpyCraft Utility Belt";
			};
			name = Debug;
		};
		E751F8F71DB361C800334F3D /* Release */ = {
			isa = XCBuildConfiguration;
			baseConfigurationReference = 57AB681858A99607AD7AC0C0 /* Pods-SpyCraft Utility BeltUITests.release.xcconfig */;
			buildSettings = {
				INFOPLIST_FILE = "SpyCraft Utility BeltUITests/Info.plist";
				LD_RUNPATH_SEARCH_PATHS = "$(inherited) @executable_path/Frameworks @loader_path/Frameworks";
				PRODUCT_BUNDLE_IDENTIFIER = "com.hatstick.SpyCraft-Utility-BeltUITests";
				PRODUCT_NAME = "$(TARGET_NAME)";
				SWIFT_VERSION = 3.0;
				TEST_TARGET_NAME = "SpyCraft Utility Belt";
			};
			name = Release;
		};
/* End XCBuildConfiguration section */

/* Begin XCConfigurationList section */
		E751F8C01DB361C500334F3D /* Build configuration list for PBXProject "SpyCraft Utility Belt" */ = {
			isa = XCConfigurationList;
			buildConfigurations = (
				E751F8ED1DB361C800334F3D /* Debug */,
				E751F8EE1DB361C800334F3D /* Release */,
			);
			defaultConfigurationIsVisible = 0;
			defaultConfigurationName = Release;
		};
		E751F8EF1DB361C800334F3D /* Build configuration list for PBXNativeTarget "SpyCraft Utility Belt" */ = {
			isa = XCConfigurationList;
			buildConfigurations = (
				E751F8F01DB361C800334F3D /* Debug */,
				E751F8F11DB361C800334F3D /* Release */,
			);
			defaultConfigurationIsVisible = 0;
			defaultConfigurationName = Release;
		};
		E751F8F21DB361C800334F3D /* Build configuration list for PBXNativeTarget "SpyCraft Utility BeltTests" */ = {
			isa = XCConfigurationList;
			buildConfigurations = (
				E751F8F31DB361C800334F3D /* Debug */,
				E751F8F41DB361C800334F3D /* Release */,
			);
			defaultConfigurationIsVisible = 0;
			defaultConfigurationName = Release;
		};
		E751F8F51DB361C800334F3D /* Build configuration list for PBXNativeTarget "SpyCraft Utility BeltUITests" */ = {
			isa = XCConfigurationList;
			buildConfigurations = (
				E751F8F61DB361C800334F3D /* Debug */,
				E751F8F71DB361C800334F3D /* Release */,
			);
			defaultConfigurationIsVisible = 0;
			defaultConfigurationName = Release;
		};
/* End XCConfigurationList section */

/* Begin XCVersionGroup section */
		116FB58D1DB70F76000E475C /* CrisisCardModel.xcdatamodeld */ = {
			isa = XCVersionGroup;
			children = (
				116FB58E1DB70F76000E475C /* CrisisCardModel.xcdatamodel */,
			);
			currentVersion = 116FB58E1DB70F76000E475C /* CrisisCardModel.xcdatamodel */;
			path = CrisisCardModel.xcdatamodeld;
			sourceTree = "<group>";
			versionGroupType = wrapper.xcdatamodel;
		};
/* End XCVersionGroup section */
	};
	rootObject = E751F8BD1DB361C500334F3D /* Project object */;
}
